// !$*UTF8*$!
{
	archiveVersion = 1;
	classes = {
	};
	objectVersion = 50;
	objects = {

/* Begin PBXBuildFile section */
		3C9B696425A12C8D00EE20E2 /* AppDelegate.swift in Sources */ = {isa = PBXBuildFile; fileRef = 3C9B696325A12C8D00EE20E2 /* AppDelegate.swift */; };
		3C9B696625A12C8D00EE20E2 /* SceneDelegate.swift in Sources */ = {isa = PBXBuildFile; fileRef = 3C9B696525A12C8D00EE20E2 /* SceneDelegate.swift */; };
		3C9B696825A12C8D00EE20E2 /* ViewController.swift in Sources */ = {isa = PBXBuildFile; fileRef = 3C9B696725A12C8D00EE20E2 /* ViewController.swift */; };
		3C9B696B25A12C8D00EE20E2 /* Main.storyboard in Resources */ = {isa = PBXBuildFile; fileRef = 3C9B696925A12C8D00EE20E2 /* Main.storyboard */; };
		3C9B696D25A12C9000EE20E2 /* Assets.xcassets in Resources */ = {isa = PBXBuildFile; fileRef = 3C9B696C25A12C9000EE20E2 /* Assets.xcassets */; };
		3C9B697025A12C9000EE20E2 /* LaunchScreen.storyboard in Resources */ = {isa = PBXBuildFile; fileRef = 3C9B696E25A12C9000EE20E2 /* LaunchScreen.storyboard */; };
		3C9B697B25A12C9100EE20E2 /* tippyTests.swift in Sources */ = {isa = PBXBuildFile; fileRef = 3C9B697A25A12C9100EE20E2 /* tippyTests.swift */; };
		3C9B698625A12C9100EE20E2 /* tippyUITests.swift in Sources */ = {isa = PBXBuildFile; fileRef = 3C9B698525A12C9100EE20E2 /* tippyUITests.swift */; };
/* End PBXBuildFile section */

/* Begin PBXContainerItemProxy section */
		3C9B697725A12C9100EE20E2 /* PBXContainerItemProxy */ = {
			isa = PBXContainerItemProxy;
			containerPortal = 3C9B695825A12C8D00EE20E2 /* Project object */;
			proxyType = 1;
			remoteGlobalIDString = 3C9B695F25A12C8D00EE20E2;
			remoteInfo = tippy;
		};
		3C9B698225A12C9100EE20E2 /* PBXContainerItemProxy */ = {
			isa = PBXContainerItemProxy;
			containerPortal = 3C9B695825A12C8D00EE20E2 /* Project object */;
			proxyType = 1;
			remoteGlobalIDString = 3C9B695F25A12C8D00EE20E2;
			remoteInfo = tippy;
		};
/* End PBXContainerItemProxy section */

/* Begin PBXFileReference section */
		3C9B696025A12C8D00EE20E2 /* tippy.app */ = {isa = PBXFileReference; explicitFileType = wrapper.application; includeInIndex = 0; path = tippy.app; sourceTree = BUILT_PRODUCTS_DIR; };
		3C9B696325A12C8D00EE20E2 /* AppDelegate.swift */ = {isa = PBXFileReference; lastKnownFileType = sourcecode.swift; path = AppDelegate.swift; sourceTree = "<group>"; };
		3C9B696525A12C8D00EE20E2 /* SceneDelegate.swift */ = {isa = PBXFileReference; lastKnownFileType = sourcecode.swift; path = SceneDelegate.swift; sourceTree = "<group>"; };
		3C9B696725A12C8D00EE20E2 /* ViewController.swift */ = {isa = PBXFileReference; lastKnownFileType = sourcecode.swift; path = ViewController.swift; sourceTree = "<group>"; };
		3C9B696A25A12C8D00EE20E2 /* Base */ = {isa = PBXFileReference; lastKnownFileType = file.storyboard; name = Base; path = Base.lproj/Main.storyboard; sourceTree = "<group>"; };
		3C9B696C25A12C9000EE20E2 /* Assets.xcassets */ = {isa = PBXFileReference; lastKnownFileType = folder.assetcatalog; path = Assets.xcassets; sourceTree = "<group>"; };
		3C9B696F25A12C9000EE20E2 /* Base */ = {isa = PBXFileReference; lastKnownFileType = file.storyboard; name = Base; path = Base.lproj/LaunchScreen.storyboard; sourceTree = "<group>"; };
		3C9B697125A12C9000EE20E2 /* Info.plist */ = {isa = PBXFileReference; lastKnownFileType = text.plist.xml; path = Info.plist; sourceTree = "<group>"; };
		3C9B697625A12C9100EE20E2 /* tippyTests.xctest */ = {isa = PBXFileReference; explicitFileType = wrapper.cfbundle; includeInIndex = 0; path = tippyTests.xctest; sourceTree = BUILT_PRODUCTS_DIR; };
		3C9B697A25A12C9100EE20E2 /* tippyTests.swift */ = {isa = PBXFileReference; lastKnownFileType = sourcecode.swift; path = tippyTests.swift; sourceTree = "<group>"; };
		3C9B697C25A12C9100EE20E2 /* Info.plist */ = {isa = PBXFileReference; lastKnownFileType = text.plist.xml; path = Info.plist; sourceTree = "<group>"; };
		3C9B698125A12C9100EE20E2 /* tippyUITests.xctest */ = {isa = PBXFileReference; explicitFileType = wrapper.cfbundle; includeInIndex = 0; path = tippyUITests.xctest; sourceTree = BUILT_PRODUCTS_DIR; };
		3C9B698525A12C9100EE20E2 /* tippyUITests.swift */ = {isa = PBXFileReference; lastKnownFileType = sourcecode.swift; path = tippyUITests.swift; sourceTree = "<group>"; };
		3C9B698725A12C9100EE20E2 /* Info.plist */ = {isa = PBXFileReference; lastKnownFileType = text.plist.xml; path = Info.plist; sourceTree = "<group>"; };
/* End PBXFileReference section */

/* Begin PBXFrameworksBuildPhase section */
		3C9B695D25A12C8D00EE20E2 /* Frameworks */ = {
			isa = PBXFrameworksBuildPhase;
			buildActionMask = 2147483647;
			files = (
			);
			runOnlyForDeploymentPostprocessing = 0;
		};
		3C9B697325A12C9100EE20E2 /* Frameworks */ = {
			isa = PBXFrameworksBuildPhase;
			buildActionMask = 2147483647;
			files = (
			);
			runOnlyForDeploymentPostprocessing = 0;
		};
		3C9B697E25A12C9100EE20E2 /* Frameworks */ = {
			isa = PBXFrameworksBuildPhase;
			buildActionMask = 2147483647;
			files = (
			);
			runOnlyForDeploymentPostprocessing = 0;
		};
/* End PBXFrameworksBuildPhase section */

/* Begin PBXGroup section */
		3C9B695725A12C8D00EE20E2 = {
			isa = PBXGroup;
			children = (
				3C9B696225A12C8D00EE20E2 /* tippy */,
				3C9B697925A12C9100EE20E2 /* tippyTests */,
				3C9B698425A12C9100EE20E2 /* tippyUITests */,
				3C9B696125A12C8D00EE20E2 /* Products */,
			);
			sourceTree = "<group>";
		};
		3C9B696125A12C8D00EE20E2 /* Products */ = {
			isa = PBXGroup;
			children = (
				3C9B696025A12C8D00EE20E2 /* tippy.app */,
				3C9B697625A12C9100EE20E2 /* tippyTests.xctest */,
				3C9B698125A12C9100EE20E2 /* tippyUITests.xctest */,
			);
			name = Products;
			sourceTree = "<group>";
		};
		3C9B696225A12C8D00EE20E2 /* tippy */ = {
			isa = PBXGroup;
			children = (
				3C9B696325A12C8D00EE20E2 /* AppDelegate.swift */,
				3C9B696525A12C8D00EE20E2 /* SceneDelegate.swift */,
				3C9B696725A12C8D00EE20E2 /* ViewController.swift */,
				3C9B696925A12C8D00EE20E2 /* Main.storyboard */,
				3C9B696C25A12C9000EE20E2 /* Assets.xcassets */,
				3C9B696E25A12C9000EE20E2 /* LaunchScreen.storyboard */,
				3C9B697125A12C9000EE20E2 /* Info.plist */,
			);
			path = tippy;
			sourceTree = "<group>";
		};
		3C9B697925A12C9100EE20E2 /* tippyTests */ = {
			isa = PBXGroup;
			children = (
				3C9B697A25A12C9100EE20E2 /* tippyTests.swift */,
				3C9B697C25A12C9100EE20E2 /* Info.plist */,
			);
			path = tippyTests;
			sourceTree = "<group>";
		};
		3C9B698425A12C9100EE20E2 /* tippyUITests */ = {
			isa = PBXGroup;
			children = (
				3C9B698525A12C9100EE20E2 /* tippyUITests.swift */,
				3C9B698725A12C9100EE20E2 /* Info.plist */,
			);
			path = tippyUITests;
			sourceTree = "<group>";
		};
/* End PBXGroup section */

/* Begin PBXNativeTarget section */
		3C9B695F25A12C8D00EE20E2 /* tippy */ = {
			isa = PBXNativeTarget;
			buildConfigurationList = 3C9B698A25A12C9100EE20E2 /* Build configuration list for PBXNativeTarget "tippy" */;
			buildPhases = (
				3C9B695C25A12C8D00EE20E2 /* Sources */,
				3C9B695D25A12C8D00EE20E2 /* Frameworks */,
				3C9B695E25A12C8D00EE20E2 /* Resources */,
			);
			buildRules = (
			);
			dependencies = (
			);
			name = tippy;
			productName = tippy;
			productReference = 3C9B696025A12C8D00EE20E2 /* tippy.app */;
			productType = "com.apple.product-type.application";
		};
		3C9B697525A12C9100EE20E2 /* tippyTests */ = {
			isa = PBXNativeTarget;
			buildConfigurationList = 3C9B698D25A12C9100EE20E2 /* Build configuration list for PBXNativeTarget "tippyTests" */;
			buildPhases = (
				3C9B697225A12C9100EE20E2 /* Sources */,
				3C9B697325A12C9100EE20E2 /* Frameworks */,
				3C9B697425A12C9100EE20E2 /* Resources */,
			);
			buildRules = (
			);
			dependencies = (
				3C9B697825A12C9100EE20E2 /* PBXTargetDependency */,
			);
			name = tippyTests;
			productName = tippyTests;
			productReference = 3C9B697625A12C9100EE20E2 /* tippyTests.xctest */;
			productType = "com.apple.product-type.bundle.unit-test";
		};
		3C9B698025A12C9100EE20E2 /* tippyUITests */ = {
			isa = PBXNativeTarget;
			buildConfigurationList = 3C9B699025A12C9100EE20E2 /* Build configuration list for PBXNativeTarget "tippyUITests" */;
			buildPhases = (
				3C9B697D25A12C9100EE20E2 /* Sources */,
				3C9B697E25A12C9100EE20E2 /* Frameworks */,
				3C9B697F25A12C9100EE20E2 /* Resources */,
			);
			buildRules = (
			);
			dependencies = (
				3C9B698325A12C9100EE20E2 /* PBXTargetDependency */,
			);
			name = tippyUITests;
			productName = tippyUITests;
			productReference = 3C9B698125A12C9100EE20E2 /* tippyUITests.xctest */;
			productType = "com.apple.product-type.bundle.ui-testing";
		};
/* End PBXNativeTarget section */

/* Begin PBXProject section */
		3C9B695825A12C8D00EE20E2 /* Project object */ = {
			isa = PBXProject;
			attributes = {
				LastSwiftUpdateCheck = 1150;
				LastUpgradeCheck = 1150;
				ORGANIZATIONNAME = "Nathan Holdom";
				TargetAttributes = {
					3C9B695F25A12C8D00EE20E2 = {
						CreatedOnToolsVersion = 11.5;
					};
					3C9B697525A12C9100EE20E2 = {
						CreatedOnToolsVersion = 11.5;
						TestTargetID = 3C9B695F25A12C8D00EE20E2;
					};
					3C9B698025A12C9100EE20E2 = {
						CreatedOnToolsVersion = 11.5;
						TestTargetID = 3C9B695F25A12C8D00EE20E2;
					};
				};
			};
			buildConfigurationList = 3C9B695B25A12C8D00EE20E2 /* Build configuration list for PBXProject "tippy" */;
			compatibilityVersion = "Xcode 9.3";
			developmentRegion = en;
			hasScannedForEncodings = 0;
			knownRegions = (
				en,
				Base,
			);
			mainGroup = 3C9B695725A12C8D00EE20E2;
			productRefGroup = 3C9B696125A12C8D00EE20E2 /* Products */;
			projectDirPath = "";
			projectRoot = "";
			targets = (
				3C9B695F25A12C8D00EE20E2 /* tippy */,
				3C9B697525A12C9100EE20E2 /* tippyTests */,
				3C9B698025A12C9100EE20E2 /* tippyUITests */,
			);
		};
/* End PBXProject section */

/* Begin PBXResourcesBuildPhase section */
		3C9B695E25A12C8D00EE20E2 /* Resources */ = {
			isa = PBXResourcesBuildPhase;
			buildActionMask = 2147483647;
			files = (
				3C9B697025A12C9000EE20E2 /* LaunchScreen.storyboard in Resources */,
				3C9B696D25A12C9000EE20E2 /* Assets.xcassets in Resources */,
				3C9B696B25A12C8D00EE20E2 /* Main.storyboard in Resources */,
			);
			runOnlyForDeploymentPostprocessing = 0;
		};
		3C9B697425A12C9100EE20E2 /* Resources */ = {
			isa = PBXResourcesBuildPhase;
			buildActionMask = 2147483647;
			files = (
			);
			runOnlyForDeploymentPostprocessing = 0;
		};
		3C9B697F25A12C9100EE20E2 /* Resources */ = {
			isa = PBXResourcesBuildPhase;
			buildActionMask = 2147483647;
			files = (
			);
			runOnlyForDeploymentPostprocessing = 0;
		};
/* End PBXResourcesBuildPhase section */

/* Begin PBXSourcesBuildPhase section */
		3C9B695C25A12C8D00EE20E2 /* Sources */ = {
			isa = PBXSourcesBuildPhase;
			buildActionMask = 2147483647;
			files = (
				3C9B696825A12C8D00EE20E2 /* ViewController.swift in Sources */,
				3C9B696425A12C8D00EE20E2 /* AppDelegate.swift in Sources */,
				3C9B696625A12C8D00EE20E2 /* SceneDelegate.swift in Sources */,
			);
			runOnlyForDeploymentPostprocessing = 0;
		};
		3C9B697225A12C9100EE20E2 /* Sources */ = {
			isa = PBXSourcesBuildPhase;
			buildActionMask = 2147483647;
			files = (
				3C9B697B25A12C9100EE20E2 /* tippyTests.swift in Sources */,
			);
			runOnlyForDeploymentPostprocessing = 0;
		};
		3C9B697D25A12C9100EE20E2 /* Sources */ = {
			isa = PBXSourcesBuildPhase;
			buildActionMask = 2147483647;
			files = (
				3C9B698625A12C9100EE20E2 /* tippyUITests.swift in Sources */,
			);
			runOnlyForDeploymentPostprocessing = 0;
		};
/* End PBXSourcesBuildPhase section */

/* Begin PBXTargetDependency section */
		3C9B697825A12C9100EE20E2 /* PBXTargetDependency */ = {
			isa = PBXTargetDependency;
			target = 3C9B695F25A12C8D00EE20E2 /* tippy */;
			targetProxy = 3C9B697725A12C9100EE20E2 /* PBXContainerItemProxy */;
		};
		3C9B698325A12C9100EE20E2 /* PBXTargetDependency */ = {
			isa = PBXTargetDependency;
			target = 3C9B695F25A12C8D00EE20E2 /* tippy */;
			targetProxy = 3C9B698225A12C9100EE20E2 /* PBXContainerItemProxy */;
		};
/* End PBXTargetDependency section */

/* Begin PBXVariantGroup section */
		3C9B696925A12C8D00EE20E2 /* Main.storyboard */ = {
			isa = PBXVariantGroup;
			children = (
				3C9B696A25A12C8D00EE20E2 /* Base */,
			);
			name = Main.storyboard;
			sourceTree = "<group>";
		};
		3C9B696E25A12C9000EE20E2 /* LaunchScreen.storyboard */ = {
			isa = PBXVariantGroup;
			children = (
				3C9B696F25A12C9000EE20E2 /* Base */,
			);
			name = LaunchScreen.storyboard;
			sourceTree = "<group>";
		};
/* End PBXVariantGroup section */

/* Begin XCBuildConfiguration section */
		3C9B698825A12C9100EE20E2 /* Debug */ = {
			isa = XCBuildConfiguration;
			buildSettings = {
				ALWAYS_SEARCH_USER_PATHS = NO;
				CLANG_ANALYZER_NONNULL = YES;
				CLANG_ANALYZER_NUMBER_OBJECT_CONVERSION = YES_AGGRESSIVE;
				CLANG_CXX_LANGUAGE_STANDARD = "gnu++14";
				CLANG_CXX_LIBRARY = "libc++";
				CLANG_ENABLE_MODULES = YES;
				CLANG_ENABLE_OBJC_ARC = YES;
				CLANG_ENABLE_OBJC_WEAK = YES;
				CLANG_WARN_BLOCK_CAPTURE_AUTORELEASING = YES;
				CLANG_WARN_BOOL_CONVERSION = YES;
				CLANG_WARN_COMMA = YES;
				CLANG_WARN_CONSTANT_CONVERSION = YES;
				CLANG_WARN_DEPRECATED_OBJC_IMPLEMENTATIONS = YES;
				CLANG_WARN_DIRECT_OBJC_ISA_USAGE = YES_ERROR;
				CLANG_WARN_DOCUMENTATION_COMMENTS = YES;
				CLANG_WARN_EMPTY_BODY = YES;
				CLANG_WARN_ENUM_CONVERSION = YES;
				CLANG_WARN_INFINITE_RECURSION = YES;
				CLANG_WARN_INT_CONVERSION = YES;
				CLANG_WARN_NON_LITERAL_NULL_CONVERSION = YES;
				CLANG_WARN_OBJC_IMPLICIT_RETAIN_SELF = YES;
				CLANG_WARN_OBJC_LITERAL_CONVERSION = YES;
				CLANG_WARN_OBJC_ROOT_CLASS = YES_ERROR;
				CLANG_WARN_RANGE_LOOP_ANALYSIS = YES;
				CLANG_WARN_STRICT_PROTOTYPES = YES;
				CLANG_WARN_SUSPICIOUS_MOVE = YES;
				CLANG_WARN_UNGUARDED_AVAILABILITY = YES_AGGRESSIVE;
				CLANG_WARN_UNREACHABLE_CODE = YES;
				CLANG_WARN__DUPLICATE_METHOD_MATCH = YES;
				COPY_PHASE_STRIP = NO;
				DEBUG_INFORMATION_FORMAT = dwarf;
				ENABLE_STRICT_OBJC_MSGSEND = YES;
				ENABLE_TESTABILITY = YES;
				GCC_C_LANGUAGE_STANDARD = gnu11;
				GCC_DYNAMIC_NO_PIC = NO;
				GCC_NO_COMMON_BLOCKS = YES;
				GCC_OPTIMIZATION_LEVEL = 0;
				GCC_PREPROCESSOR_DEFINITIONS = (
					"DEBUG=1",
					"$(inherited)",
				);
				GCC_WARN_64_TO_32_BIT_CONVERSION = YES;
				GCC_WARN_ABOUT_RETURN_TYPE = YES_ERROR;
				GCC_WARN_UNDECLARED_SELECTOR = YES;
				GCC_WARN_UNINITIALIZED_AUTOS = YES_AGGRESSIVE;
				GCC_WARN_UNUSED_FUNCTION = YES;
				GCC_WARN_UNUSED_VARIABLE = YES;
				IPHONEOS_DEPLOYMENT_TARGET = 13.5;
				MTL_ENABLE_DEBUG_INFO = INCLUDE_SOURCE;
				MTL_FAST_MATH = YES;
				ONLY_ACTIVE_ARCH = YES;
				SDKROOT = iphoneos;
				SWIFT_ACTIVE_COMPILATION_CONDITIONS = DEBUG;
				SWIFT_OPTIMIZATION_LEVEL = "-Onone";
			};
			name = Debug;
		};
		3C9B698925A12C9100EE20E2 /* Release */ = {
			isa = XCBuildConfiguration;
			buildSettings = {
				ALWAYS_SEARCH_USER_PATHS = NO;
				CLANG_ANALYZER_NONNULL = YES;
				CLANG_ANALYZER_NUMBER_OBJECT_CONVERSION = YES_AGGRESSIVE;
				CLANG_CXX_LANGUAGE_STANDARD = "gnu++14";
				CLANG_CXX_LIBRARY = "libc++";
				CLANG_ENABLE_MODULES = YES;
				CLANG_ENABLE_OBJC_ARC = YES;
				CLANG_ENABLE_OBJC_WEAK = YES;
				CLANG_WARN_BLOCK_CAPTURE_AUTORELEASING = YES;
				CLANG_WARN_BOOL_CONVERSION = YES;
				CLANG_WARN_COMMA = YES;
				CLANG_WARN_CONSTANT_CONVERSION = YES;
				CLANG_WARN_DEPRECATED_OBJC_IMPLEMENTATIONS = YES;
				CLANG_WARN_DIRECT_OBJC_ISA_USAGE = YES_ERROR;
				CLANG_WARN_DOCUMENTATION_COMMENTS = YES;
				CLANG_WARN_EMPTY_BODY = YES;
				CLANG_WARN_ENUM_CONVERSION = YES;
				CLANG_WARN_INFINITE_RECURSION = YES;
				CLANG_WARN_INT_CONVERSION = YES;
				CLANG_WARN_NON_LITERAL_NULL_CONVERSION = YES;
				CLANG_WARN_OBJC_IMPLICIT_RETAIN_SELF = YES;
				CLANG_WARN_OBJC_LITERAL_CONVERSION = YES;
				CLANG_WARN_OBJC_ROOT_CLASS = YES_ERROR;
				CLANG_WARN_RANGE_LOOP_ANALYSIS = YES;
				CLANG_WARN_STRICT_PROTOTYPES = YES;
				CLANG_WARN_SUSPICIOUS_MOVE = YES;
				CLANG_WARN_UNGUARDED_AVAILABILITY = YES_AGGRESSIVE;
				CLANG_WARN_UNREACHABLE_CODE = YES;
				CLANG_WARN__DUPLICATE_METHOD_MATCH = YES;
				COPY_PHASE_STRIP = NO;
				DEBUG_INFORMATION_FORMAT = "dwarf-with-dsym";
				ENABLE_NS_ASSERTIONS = NO;
				ENABLE_STRICT_OBJC_MSGSEND = YES;
				GCC_C_LANGUAGE_STANDARD = gnu11;
				GCC_NO_COMMON_BLOCKS = YES;
				GCC_WARN_64_TO_32_BIT_CONVERSION = YES;
				GCC_WARN_ABOUT_RETURN_TYPE = YES_ERROR;
				GCC_WARN_UNDECLARED_SELECTOR = YES;
				GCC_WARN_UNINITIALIZED_AUTOS = YES_AGGRESSIVE;
				GCC_WARN_UNUSED_FUNCTION = YES;
				GCC_WARN_UNUSED_VARIABLE = YES;
				IPHONEOS_DEPLOYMENT_TARGET = 13.5;
				MTL_ENABLE_DEBUG_INFO = NO;
				MTL_FAST_MATH = YES;
				SDKROOT = iphoneos;
				SWIFT_COMPILATION_MODE = wholemodule;
				SWIFT_OPTIMIZATION_LEVEL = "-O";
				VALIDATE_PRODUCT = YES;
			};
			name = Release;
		};
		3C9B698B25A12C9100EE20E2 /* Debug */ = {
			isa = XCBuildConfiguration;
			buildSettings = {
				ASSETCATALOG_COMPILER_APPICON_NAME = AppIcon;
				CODE_SIGN_STYLE = Automatic;
				INFOPLIST_FILE = tippy/Info.plist;
				LD_RUNPATH_SEARCH_PATHS = (
					"$(inherited)",
					"@executable_path/Frameworks",
				);
				PRODUCT_BUNDLE_IDENTIFIER = com.codepath.tippy;
				PRODUCT_NAME = "$(TARGET_NAME)";
				SWIFT_VERSION = 5.0;
				TARGETED_DEVICE_FAMILY = "1,2";
			};
			name = Debug;
		};
		3C9B698C25A12C9100EE20E2 /* Release */ = {
			isa = XCBuildConfiguration;
			buildSettings = {
				ASSETCATALOG_COMPILER_APPICON_NAME = AppIcon;
				CODE_SIGN_STYLE = Automatic;
				INFOPLIST_FILE = tippy/Info.plist;
				LD_RUNPATH_SEARCH_PATHS = (
					"$(inherited)",
					"@executable_path/Frameworks",
				);
				PRODUCT_BUNDLE_IDENTIFIER = com.codepath.tippy;
				PRODUCT_NAME = "$(TARGET_NAME)";
				SWIFT_VERSION = 5.0;
				TARGETED_DEVICE_FAMILY = "1,2";
			};
			name = Release;
		};
		3C9B698E25A12C9100EE20E2 /* Debug */ = {
			isa = XCBuildConfiguration;
			buildSettings = {
				ALWAYS_EMBED_SWIFT_STANDARD_LIBRARIES = YES;
				BUNDLE_LOADER = "$(TEST_HOST)";
				CODE_SIGN_STYLE = Automatic;
				INFOPLIST_FILE = tippyTests/Info.plist;
				IPHONEOS_DEPLOYMENT_TARGET = 13.5;
				LD_RUNPATH_SEARCH_PATHS = (
					"$(inherited)",
					"@executable_path/Frameworks",
					"@loader_path/Frameworks",
				);
				PRODUCT_BUNDLE_IDENTIFIER = com.codepath.tippyTests;
				PRODUCT_NAME = "$(TARGET_NAME)";
				SWIFT_VERSION = 5.0;
				TARGETED_DEVICE_FAMILY = "1,2";
				TEST_HOST = "$(BUILT_PRODUCTS_DIR)/tippy.app/tippy";
			};
			name = Debug;
		};
		3C9B698F25A12C9100EE20E2 /* Release */ = {
			isa = XCBuildConfiguration;
			buildSettings = {
				ALWAYS_EMBED_SWIFT_STANDARD_LIBRARIES = YES;
				BUNDLE_LOADER = "$(TEST_HOST)";
				CODE_SIGN_STYLE = Automatic;
				INFOPLIST_FILE = tippyTests/Info.plist;
				IPHONEOS_DEPLOYMENT_TARGET = 13.5;
				LD_RUNPATH_SEARCH_PATHS = (
					"$(inherited)",
					"@executable_path/Frameworks",
					"@loader_path/Frameworks",
				);
				PRODUCT_BUNDLE_IDENTIFIER = com.codepath.tippyTests;
				PRODUCT_NAME = "$(TARGET_NAME)";
				SWIFT_VERSION = 5.0;
				TARGETED_DEVICE_FAMILY = "1,2";
				TEST_HOST = "$(BUILT_PRODUCTS_DIR)/tippy.app/tippy";
			};
			name = Release;
		};
		3C9B699125A12C9100EE20E2 /* Debug */ = {
			isa = XCBuildConfiguration;
			buildSettings = {
				ALWAYS_EMBED_SWIFT_STANDARD_LIBRARIES = YES;
				CODE_SIGN_STYLE = Automatic;
				INFOPLIST_FILE = tippyUITests/Info.plist;
				LD_RUNPATH_SEARCH_PATHS = (
					"$(inherited)",
					"@executable_path/Frameworks",
					"@loader_path/Frameworks",
				);
				PRODUCT_BUNDLE_IDENTIFIER = com.codepath.tippyUITests;
				PRODUCT_NAME = "$(TARGET_NAME)";
				SWIFT_VERSION = 5.0;
				TARGETED_DEVICE_FAMILY = "1,2";
				TEST_TARGET_NAME = tippy;
			};
			name = Debug;
		};
		3C9B699225A12C9100EE20E2 /* Release */ = {
			isa = XCBuildConfiguration;
			buildSettings = {
				ALWAYS_EMBED_SWIFT_STANDARD_LIBRARIES = YES;
				CODE_SIGN_STYLE = Automatic;
				INFOPLIST_FILE = tippyUITests/Info.plist;
				LD_RUNPATH_SEARCH_PATHS = (
					"$(inherited)",
					"@executable_path/Frameworks",
					"@loader_path/Frameworks",
				);
				PRODUCT_BUNDLE_IDENTIFIER = com.codepath.tippyUITests;
				PRODUCT_NAME = "$(TARGET_NAME)";
				SWIFT_VERSION = 5.0;
				TARGETED_DEVICE_FAMILY = "1,2";
				TEST_TARGET_NAME = tippy;
			};
			name = Release;
		};
/* End XCBuildConfiguration section */

/* Begin XCConfigurationList section */
		3C9B695B25A12C8D00EE20E2 /* Build configuration list for PBXProject "tippy" */ = {
			isa = XCConfigurationList;
			buildConfigurations = (
				3C9B698825A12C9100EE20E2 /* Debug */,
				3C9B698925A12C9100EE20E2 /* Release */,
			);
			defaultConfigurationIsVisible = 0;
			defaultConfigurationName = Release;
		};
		3C9B698A25A12C9100EE20E2 /* Build configuration list for PBXNativeTarget "tippy" */ = {
			isa = XCConfigurationList;
			buildConfigurations = (
				3C9B698B25A12C9100EE20E2 /* Debug */,
				3C9B698C25A12C9100EE20E2 /* Release */,
			);
			defaultConfigurationIsVisible = 0;
			defaultConfigurationName = Release;
		};
		3C9B698D25A12C9100EE20E2 /* Build configuration list for PBXNativeTarget "tippyTests" */ = {
			isa = XCConfigurationList;
			buildConfigurations = (
				3C9B698E25A12C9100EE20E2 /* Debug */,
				3C9B698F25A12C9100EE20E2 /* Release */,
			);
			defaultConfigurationIsVisible = 0;
			defaultConfigurationName = Release;
		};
		3C9B699025A12C9100EE20E2 /* Build configuration list for PBXNativeTarget "tippyUITests" */ = {
			isa = XCConfigurationList;
			buildConfigurations = (
				3C9B699125A12C9100EE20E2 /* Debug */,
				3C9B699225A12C9100EE20E2 /* Release */,
			);
			defaultConfigurationIsVisible = 0;
			defaultConfigurationName = Release;
		};
/* End XCConfigurationList section */
	};
	rootObject = 3C9B695825A12C8D00EE20E2 /* Project object */;
}
